<?xml version="1.0" encoding="utf-8"?>
<Project ToolsVersion="4.0" xmlns="http://schemas.microsoft.com/developer/msbuild/2003">
  <ItemGroup>
    <Filter Include="Source Files">
      <UniqueIdentifier>{40d12f2e-c922-46a0-b041-d1bf4dd05275}</UniqueIdentifier>
      <Extensions>cpp;c;cxx;rc;def;r;odl;idl;hpj;bat</Extensions>
    </Filter>
    <Filter Include="Header Files">
      <UniqueIdentifier>{ad18289b-fceb-488d-b3fe-e456ce00712e}</UniqueIdentifier>
      <Extensions>h;hpp;hxx;hm;inl</Extensions>
    </Filter>
    <Filter Include="Resource Files">
      <UniqueIdentifier>{7d95800a-d987-4b24-a79c-5cccbe9c6c16}</UniqueIdentifier>
      <Extensions>ico;cur;bmp;dlg;rc2;rct;bin;rgs;gif;jpg;jpeg;jpe</Extensions>
    </Filter>
  </ItemGroup>
  <ItemGroup>
    <Library Include="lib\galclw32.lib">
      <Filter>Source Files</Filter>
    </Library>
  </ItemGroup>
  <ItemGroup>
    <ClInclude Include="galss.h">
      <Filter>Header Files</Filter>
    </ClInclude>
    <ClInclude Include="galsserr.h">
      <Filter>Header Files</Filter>
    </ClInclude>
    <ClInclude Include="sys_dep.h">
      <Filter>Header Files</Filter>
    </ClInclude>
  </ItemGroup>
  <ItemGroup>
    <ClCompile Include="..\commun\testMontant.c">
      <Filter>Source Files</Filter>
    </ClCompile>
  </ItemGroup>
</Project>